{
  "name": "@garph/gqty",
  "version": "0.2.1",
  "lockfileVersion": 2,
  "requires": true,
  "packages": {
    "": {
      "name": "@garph/gqty",
      "version": "0.2.1",
      "license": "MIT",
      "dependencies": {
        "@gqty/react": "^3.0.0-alpha-1e0b207d.0",
        "garph": "^0.4.1",
        "gqty": "^3.0.0-alpha-1e0b207d.0",
        "graphql-sse": "^2.1.1",
        "typescript": "^4.9.5",
        "ws": "^8.13.0"
      },
      "devDependencies": {
        "@types/node": "^18.14.5",
        "ts-node": "^10.9.1",
        "type-fest": "^3.9.0"
      }
    },
    "node_modules/@cspotcode/source-map-support": {
      "version": "0.8.1",
      "resolved": "https://registry.npmjs.org/@cspotcode/source-map-support/-/source-map-support-0.8.1.tgz",
      "integrity": "sha512-IchNf6dN4tHoMFIn/7OE8LWZ19Y6q/67Bmf6vnGREv8RSbBVb9LPJxEcnwrcwX6ixSvaiGoomAUvu4YSxXrVgw==",
      "dev": true,
      "dependencies": {
        "@jridgewell/trace-mapping": "0.3.9"
      },
      "engines": {
        "node": ">=12"
      }
    },
    "node_modules/@gqty/react": {
      "version": "3.0.0-alpha-f9dbf6e8.0",
      "resolved": "https://registry.npmjs.org/@gqty/react/-/react-3.0.0-alpha-f9dbf6e8.0.tgz",
      "integrity": "sha512-bhH82S0yp42vr324fjs5gZS1jB8uzv/UgaScw6lbS9q+VhHQWyQy3/BGsuWWH5hd/ufqHXNGmeIR0/qTekBrvA==",
      "dependencies": {
        "@react-hookz/web": "^23.0.0",
        "multidict": "^1.0.6",
        "p-debounce": "^4.0.0",
        "p-defer": "^3.0.0",
        "react-ssr-prepass": "^1.5.0",
        "use-sync-external-store": "^1.2.0"
      },
      "engines": {
        "node": "^12.20.0 || >=14.13.0"
      },
      "peerDependencies": {
        "gqty": "^3.0.0-alpha-f9dbf6e8.0",
        "graphql": "*",
        "graphql-sse": "^2.1.0",
        "graphql-ws": "^5.11.3",
        "react": "^16.14.0 || ^17 || ^18",
        "react-dom": "^16.14.0 || ^17 || ^18"
      },
      "peerDependenciesMeta": {
        "graphql-sse": {
          "optional": true
        },
        "graphql-ws": {
          "optional": true
        }
      }
    },
    "node_modules/@jridgewell/resolve-uri": {
      "version": "3.1.0",
      "resolved": "https://registry.npmjs.org/@jridgewell/resolve-uri/-/resolve-uri-3.1.0.tgz",
      "integrity": "sha512-F2msla3tad+Mfht5cJq7LSXcdudKTWCVYUgw6pLFOOHSTtZlj6SWNYAp+AhuqLmWdBO2X5hPrLcu8cVP8fy28w==",
      "dev": true,
      "engines": {
        "node": ">=6.0.0"
      }
    },
    "node_modules/@jridgewell/sourcemap-codec": {
      "version": "1.4.14",
      "resolved": "https://registry.npmjs.org/@jridgewell/sourcemap-codec/-/sourcemap-codec-1.4.14.tgz",
      "integrity": "sha512-XPSJHWmi394fuUuzDnGz1wiKqWfo1yXecHQMRf2l6hztTO+nPru658AyDngaBe7isIxEkRsPR3FZh+s7iVa4Uw==",
      "dev": true
    },
    "node_modules/@jridgewell/trace-mapping": {
      "version": "0.3.9",
      "resolved": "https://registry.npmjs.org/@jridgewell/trace-mapping/-/trace-mapping-0.3.9.tgz",
      "integrity": "sha512-3Belt6tdc8bPgAtbcmdtNJlirVoTmEb5e2gC94PnkwEW9jI6CAHUeoG85tjWP5WquqfavoMtMwiG4P926ZKKuQ==",
      "dev": true,
      "dependencies": {
        "@jridgewell/resolve-uri": "^3.0.3",
        "@jridgewell/sourcemap-codec": "^1.4.10"
      }
    },
    "node_modules/@react-hookz/deep-equal": {
      "version": "1.0.4",
      "resolved": "https://registry.npmjs.org/@react-hookz/deep-equal/-/deep-equal-1.0.4.tgz",
      "integrity": "sha512-N56fTrAPUDz/R423pag+n6TXWbvlBZDtTehaGFjK0InmN+V2OFWLE/WmORhmn6Ce7dlwH5+tQN1LJFw3ngTJVg=="
    },
    "node_modules/@react-hookz/web": {
      "version": "23.0.0",
      "resolved": "https://registry.npmjs.org/@react-hookz/web/-/web-23.0.0.tgz",
      "integrity": "sha512-diBtlo17CJtZJ/Yb8veri7hZL7QPnqNZ+IAMHWWSb//nq+Z3XDHaXcozH7cyvMZj4gYwQeY/L/H4298etHxu1Q==",
      "dependencies": {
        "@react-hookz/deep-equal": "^1.0.4"
      },
      "peerDependencies": {
        "js-cookie": "^3.0.1",
        "react": "^16.8 || ^17 || ^18",
        "react-dom": "^16.8 || ^17 || ^18"
      },
      "peerDependenciesMeta": {
        "js-cookie": {
          "optional": true
        }
      }
    },
    "node_modules/@tsconfig/node10": {
      "version": "1.0.9",
      "resolved": "https://registry.npmjs.org/@tsconfig/node10/-/node10-1.0.9.tgz",
      "integrity": "sha512-jNsYVVxU8v5g43Erja32laIDHXeoNvFEpX33OK4d6hljo3jDhCBDhx5dhCCTMWUojscpAagGiRkBKxpdl9fxqA==",
      "dev": true
    },
    "node_modules/@tsconfig/node12": {
      "version": "1.0.11",
      "resolved": "https://registry.npmjs.org/@tsconfig/node12/-/node12-1.0.11.tgz",
      "integrity": "sha512-cqefuRsh12pWyGsIoBKJA9luFu3mRxCA+ORZvA4ktLSzIuCUtWVxGIuXigEwO5/ywWFMZ2QEGKWvkZG1zDMTag==",
      "dev": true
    },
    "node_modules/@tsconfig/node14": {
      "version": "1.0.3",
      "resolved": "https://registry.npmjs.org/@tsconfig/node14/-/node14-1.0.3.tgz",
      "integrity": "sha512-ysT8mhdixWK6Hw3i1V2AeRqZ5WfXg1G43mqoYlM2nc6388Fq5jcXyr5mRsqViLx/GJYdoL0bfXD8nmF+Zn/Iow==",
      "dev": true
    },
    "node_modules/@tsconfig/node16": {
      "version": "1.0.3",
      "resolved": "https://registry.npmjs.org/@tsconfig/node16/-/node16-1.0.3.tgz",
      "integrity": "sha512-yOlFc+7UtL/89t2ZhjPvvB/DeAr3r+Dq58IgzsFkOAvVC6NMJXmCGjbptdXdR9qsX7pKcTL+s87FtYREi2dEEQ==",
      "dev": true
    },
    "node_modules/@types/node": {
      "version": "18.14.5",
      "resolved": "https://registry.npmjs.org/@types/node/-/node-18.14.5.tgz",
      "integrity": "sha512-CRT4tMK/DHYhw1fcCEBwME9CSaZNclxfzVMe7GsO6ULSwsttbj70wSiX6rZdIjGblu93sTJxLdhNIT85KKI7Qw==",
      "dev": true
    },
    "node_modules/acorn": {
      "version": "8.8.2",
      "resolved": "https://registry.npmjs.org/acorn/-/acorn-8.8.2.tgz",
      "integrity": "sha512-xjIYgE8HBrkpd/sJqOGNspf8uHG+NOHGOw6a/Urj8taM2EXfdNAH2oFcPeIFfsv3+kz/mJrS5VuMqbNLjCa2vw==",
      "dev": true,
      "bin": {
        "acorn": "bin/acorn"
      },
      "engines": {
        "node": ">=0.4.0"
      }
    },
    "node_modules/acorn-walk": {
      "version": "8.2.0",
      "resolved": "https://registry.npmjs.org/acorn-walk/-/acorn-walk-8.2.0.tgz",
      "integrity": "sha512-k+iyHEuPgSw6SbuDpGQM+06HQUa04DZ3o+F6CSzXMvvI5KMvnaEqXe+YVe555R9nn6GPt404fos4wcgpw12SDA==",
      "dev": true,
      "engines": {
        "node": ">=0.4.0"
      }
    },
    "node_modules/arg": {
      "version": "4.1.3",
      "resolved": "https://registry.npmjs.org/arg/-/arg-4.1.3.tgz",
      "integrity": "sha512-58S9QDqG0Xx27YwPSt9fJxivjYl432YCwfDMfZ+71RAqUrZef7LrKQZ3LHLOwCS4FLNBplP533Zx895SeOCHvA==",
      "dev": true
    },
    "node_modules/create-require": {
      "version": "1.1.1",
      "resolved": "https://registry.npmjs.org/create-require/-/create-require-1.1.1.tgz",
      "integrity": "sha512-dcKFX3jn0MpIaXjisoRvexIJVEKzaq7z2rZKxf+MSr9TkdmHmsU4m2lcLojrj/FHl8mk5VxMmYA+ftRkP/3oKQ==",
      "dev": true
    },
    "node_modules/diff": {
      "version": "4.0.2",
      "resolved": "https://registry.npmjs.org/diff/-/diff-4.0.2.tgz",
      "integrity": "sha512-58lmxKSA4BNyLz+HHMUzlOEpg09FV+ev6ZMe3vJihgdxzgcwZ8VoEEPmALCZG9LmqfVoNMMKpttIYTVG6uDY7A==",
      "dev": true,
      "engines": {
        "node": ">=0.3.1"
      }
    },
    "node_modules/flatted": {
      "version": "3.2.7",
      "resolved": "https://registry.npmjs.org/flatted/-/flatted-3.2.7.tgz",
      "integrity": "sha512-5nqDSxl8nn5BSNxyR3n4I6eDmbolI6WT+QqR547RwxQapgjQBmtktdP+HTBb/a/zLsbzERTONyUB5pefh5TtjQ=="
    },
    "node_modules/garph": {
      "version": "0.4.1",
      "resolved": "https://registry.npmjs.org/garph/-/garph-0.4.1.tgz",
      "integrity": "sha512-nHxJ2qkuTfEpMO9k9tMs+Igfm41viuslVEbCeJ/qdvINQMgW5B3msjIHdjIGBqTFY0X8uS/Is1i217Qb6kPRgA==",
      "dependencies": {
        "graphql-compose": "^9.0.10"
      }
    },
    "node_modules/gqty": {
      "version": "3.0.0-alpha-f9dbf6e8.0",
      "resolved": "https://registry.npmjs.org/gqty/-/gqty-3.0.0-alpha-f9dbf6e8.0.tgz",
      "integrity": "sha512-t9sTsVlew3FIcjxCWjzKz9/wElRpVT+z1vxBaocu0wps5f34Np/3I+VQhg0nekNXtOq61J3m9Jq3RWc/n7lYwA==",
      "dependencies": {
        "flatted": "^3.2.7",
        "just-extend": "^6.2.0",
        "just-has": "^2.3.0",
        "just-memoize": "^2.2.0",
        "just-safe-get": "^4.2.0",
        "just-safe-set": "^4.2.1",
        "multidict": "^1.0.6",
        "object-hash": "^3.0.0",
        "p-defer": "^3.0.0",
        "p-lazy": "^3.1.0"
      },
      "engines": {
        "node": "^12.20.0 || >=14.13.0"
      },
      "peerDependencies": {
        "graphql": "*",
        "graphql-sse": "^2.1.0",
        "graphql-ws": "^5.11.3"
      },
      "peerDependenciesMeta": {
        "graphql": {
          "optional": true
        },
        "graphql-sse": {
          "optional": true
        },
        "graphql-ws": {
          "optional": true
        }
      }
    },
    "node_modules/graphql": {
      "version": "16.6.0",
      "resolved": "https://registry.npmjs.org/graphql/-/graphql-16.6.0.tgz",
      "integrity": "sha512-KPIBPDlW7NxrbT/eh4qPXz5FiFdL5UbaA0XUNz2Rp3Z3hqBSkbj0GVjwFDztsWVauZUWsbKHgMg++sk8UX0bkw==",
      "peer": true,
      "engines": {
        "node": "^12.22.0 || ^14.16.0 || ^16.0.0 || >=17.0.0"
      }
    },
    "node_modules/graphql-compose": {
      "version": "9.0.10",
      "resolved": "https://registry.npmjs.org/graphql-compose/-/graphql-compose-9.0.10.tgz",
      "integrity": "sha512-UsVoxfi2+c8WbHl2pEB+teoRRZoY4mbWBoijeLDGpAZBSPChnqtSRjp+T9UcouLCwGr5ooNyOQLoI3OVzU1bPQ==",
      "dependencies": {
        "graphql-type-json": "0.3.2"
      }
    },
    "node_modules/graphql-sse": {
      "version": "2.1.1",
      "resolved": "https://registry.npmjs.org/graphql-sse/-/graphql-sse-2.1.1.tgz",
      "integrity": "sha512-lOBG4ScQe9Acv0PodlavTmIuB8kwD4LRvUuXrFm9Ahgi460R2QP+6GgBUOlrAglscIF1P+U+tHJNjO27c3gOOw==",
      "engines": {
        "node": ">=12"
      },
      "peerDependencies": {
        "graphql": ">=0.11 <=16"
      }
    },
    "node_modules/graphql-type-json": {
      "version": "0.3.2",
      "resolved": "https://registry.npmjs.org/graphql-type-json/-/graphql-type-json-0.3.2.tgz",
      "integrity": "sha512-J+vjof74oMlCWXSvt0DOf2APEdZOCdubEvGDUAlqH//VBYcOYsGgRW7Xzorr44LvkjiuvecWc8fChxuZZbChtg==",
      "peerDependencies": {
        "graphql": ">=0.8.0"
      }
    },
    "node_modules/graphql-ws": {
      "version": "5.12.1",
      "resolved": "https://registry.npmjs.org/graphql-ws/-/graphql-ws-5.12.1.tgz",
      "integrity": "sha512-umt4f5NnMK46ChM2coO36PTFhHouBrK9stWWBczERguwYrGnPNxJ9dimU6IyOBfOkC6Izhkg4H8+F51W/8CYDg==",
      "optional": true,
      "peer": true,
      "engines": {
        "node": ">=10"
      },
      "peerDependencies": {
        "graphql": ">=0.11 <=16"
      }
    },
    "node_modules/js-tokens": {
      "version": "4.0.0",
      "resolved": "https://registry.npmjs.org/js-tokens/-/js-tokens-4.0.0.tgz",
      "integrity": "sha512-RdJUflcE3cUzKiMqQgsCu06FPu9UdIJO0beYbPhHN4k6apgJtifcoCtT9bcxOpYBtpD2kCM6Sbzg4CausW/PKQ==",
      "peer": true
    },
    "node_modules/just-extend": {
      "version": "6.2.0",
      "resolved": "https://registry.npmjs.org/just-extend/-/just-extend-6.2.0.tgz",
      "integrity": "sha512-cYofQu2Xpom82S6qD778jBDpwvvy39s1l/hrYij2u9AMdQcGRpaBu6kY4mVhuno5kJVi1DAz4aiphA2WI1/OAw=="
    },
    "node_modules/just-has": {
      "version": "2.3.0",
      "resolved": "https://registry.npmjs.org/just-has/-/just-has-2.3.0.tgz",
      "integrity": "sha512-JzxCot/ETqLDullSSC5OtT/PLWiqgRNO5z33gVit6BoCXe/6BHut33o9ZunG5jQSqeY4EyzFnl8Wqc7S8Ci/wQ=="
    },
    "node_modules/just-memoize": {
      "version": "2.2.0",
      "resolved": "https://registry.npmjs.org/just-memoize/-/just-memoize-2.2.0.tgz",
      "integrity": "sha512-zriv+MY+61RXT0QsrO1ZJtL5umouqqSWmCGBkp2wJm35kniunBAA4qhUKx8Lvg/QcwrF9xuw9E6PkevKFf4boQ=="
    },
    "node_modules/just-safe-get": {
      "version": "4.2.0",
      "resolved": "https://registry.npmjs.org/just-safe-get/-/just-safe-get-4.2.0.tgz",
      "integrity": "sha512-+tS4Bvgr/FnmYxOGbwziJ8I2BFk+cP1gQHm6rm7zo61w1SbxBwWGEq/Ryy9Gb6bvnloPq6pz7Bmm4a0rjTNlXA=="
    },
    "node_modules/just-safe-set": {
      "version": "4.2.1",
      "resolved": "https://registry.npmjs.org/just-safe-set/-/just-safe-set-4.2.1.tgz",
      "integrity": "sha512-La5CP41Ycv52+E4g7w1sRV8XXk7Sp8a/TwWQAYQKn6RsQz1FD4Z/rDRRmqV3wJznS1MDF3YxK7BCudX1J8FxLg=="
    },
    "node_modules/loose-envify": {
      "version": "1.4.0",
      "resolved": "https://registry.npmjs.org/loose-envify/-/loose-envify-1.4.0.tgz",
      "integrity": "sha512-lyuxPGr/Wfhrlem2CL/UcnUc1zcqKAImBDzukY7Y5F/yQiNdko6+fRLevlw1HgMySw7f611UIY408EtxRSoK3Q==",
      "peer": true,
      "dependencies": {
        "js-tokens": "^3.0.0 || ^4.0.0"
      },
      "bin": {
        "loose-envify": "cli.js"
      }
    },
    "node_modules/make-error": {
      "version": "1.3.6",
      "resolved": "https://registry.npmjs.org/make-error/-/make-error-1.3.6.tgz",
      "integrity": "sha512-s8UhlNe7vPKomQhC1qFelMokr/Sc3AgNbso3n74mVPA5LTZwkB9NlXf4XPamLxJE8h0gh73rM94xvwRT2CVInw==",
      "dev": true
    },
    "node_modules/multidict": {
      "version": "1.0.6",
      "resolved": "https://registry.npmjs.org/multidict/-/multidict-1.0.6.tgz",
      "integrity": "sha512-URJf4Q7p/rYDSUt4rIo4PyAxSMQaG27YBNE6CFaEJ1HSxr1WeYaXe/b4Kv9dp2842qWjz/LYCWg9SpNXkGZ4Ww==",
      "funding": {
        "type": "github",
        "url": "https://github.com/sponsors/vicary"
      }
    },
    "node_modules/object-hash": {
      "version": "3.0.0",
      "resolved": "https://registry.npmjs.org/object-hash/-/object-hash-3.0.0.tgz",
      "integrity": "sha512-RSn9F68PjH9HqtltsSnqYC1XXoWe9Bju5+213R98cNGttag9q9yAOTzdbsqvIa7aNm5WffBZFpWYr2aWrklWAw==",
      "engines": {
        "node": ">= 6"
      }
    },
    "node_modules/p-debounce": {
      "version": "4.0.0",
      "resolved": "https://registry.npmjs.org/p-debounce/-/p-debounce-4.0.0.tgz",
      "integrity": "sha512-4Ispi9I9qYGO4lueiLDhe4q4iK5ERK8reLsuzH6BPaXn53EGaua8H66PXIFGrW897hwjXp+pVLrm/DLxN0RF0A==",
      "engines": {
        "node": ">=12"
      }
    },
    "node_modules/p-defer": {
      "version": "3.0.0",
      "resolved": "https://registry.npmjs.org/p-defer/-/p-defer-3.0.0.tgz",
      "integrity": "sha512-ugZxsxmtTln604yeYd29EGrNhazN2lywetzpKhfmQjW/VJmhpDmWbiX+h0zL8V91R0UXkhb3KtPmyq9PZw3aYw==",
      "engines": {
        "node": ">=8"
      }
    },
    "node_modules/p-lazy": {
      "version": "3.1.0",
      "resolved": "https://registry.npmjs.org/p-lazy/-/p-lazy-3.1.0.tgz",
      "integrity": "sha512-sCJn0Cdahs6G6SX9+DUihVFUhrzDEduzE5xeViVBGtoqy5dBWko7W8T6Kk6TjR2uevRXJO7CShfWrqdH5s3w3g==",
      "engines": {
        "node": ">=8"
      }
    },
    "node_modules/react": {
      "version": "18.2.0",
      "resolved": "https://registry.npmjs.org/react/-/react-18.2.0.tgz",
      "integrity": "sha512-/3IjMdb2L9QbBdWiW5e3P2/npwMBaU9mHCSCUzNln0ZCYbcfTsGbTJrU/kGemdH2IWmB2ioZ+zkxtmq6g09fGQ==",
      "peer": true,
      "dependencies": {
        "loose-envify": "^1.1.0"
      },
      "engines": {
        "node": ">=0.10.0"
      }
    },
    "node_modules/react-dom": {
      "version": "18.2.0",
      "resolved": "https://registry.npmjs.org/react-dom/-/react-dom-18.2.0.tgz",
      "integrity": "sha512-6IMTriUmvsjHUjNtEDudZfuDQUoWXVxKHhlEGSk81n4YFS+r/Kl99wXiwlVXtPBtJenozv2P+hxDsw9eA7Xo6g==",
      "peer": true,
      "dependencies": {
        "loose-envify": "^1.1.0",
        "scheduler": "^0.23.0"
      },
      "peerDependencies": {
        "react": "^18.2.0"
      }
    },
    "node_modules/react-ssr-prepass": {
      "version": "1.5.0",
      "resolved": "https://registry.npmjs.org/react-ssr-prepass/-/react-ssr-prepass-1.5.0.tgz",
      "integrity": "sha512-yFNHrlVEReVYKsLI5lF05tZoHveA5pGzjFbFJY/3pOqqjGOmMmqx83N4hIjN2n6E1AOa+eQEUxs3CgRnPmT0RQ==",
      "peerDependencies": {
        "react": "^16.8.0 || ^17.0.0 || ^18.0.0"
      }
    },
    "node_modules/scheduler": {
      "version": "0.23.0",
      "resolved": "https://registry.npmjs.org/scheduler/-/scheduler-0.23.0.tgz",
      "integrity": "sha512-CtuThmgHNg7zIZWAXi3AsyIzA3n4xx7aNyjwC2VJldO2LMVDhFK+63xGqq6CsJH4rTAt6/M+N4GhZiDYPx9eUw==",
      "peer": true,
      "dependencies": {
        "loose-envify": "^1.1.0"
      }
    },
    "node_modules/ts-node": {
      "version": "10.9.1",
      "resolved": "https://registry.npmjs.org/ts-node/-/ts-node-10.9.1.tgz",
      "integrity": "sha512-NtVysVPkxxrwFGUUxGYhfux8k78pQB3JqYBXlLRZgdGUqTO5wU/UyHop5p70iEbGhB7q5KmiZiU0Y3KlJrScEw==",
      "dev": true,
      "dependencies": {
        "@cspotcode/source-map-support": "^0.8.0",
        "@tsconfig/node10": "^1.0.7",
        "@tsconfig/node12": "^1.0.7",
        "@tsconfig/node14": "^1.0.0",
        "@tsconfig/node16": "^1.0.2",
        "acorn": "^8.4.1",
        "acorn-walk": "^8.1.1",
        "arg": "^4.1.0",
        "create-require": "^1.1.0",
        "diff": "^4.0.1",
        "make-error": "^1.1.1",
        "v8-compile-cache-lib": "^3.0.1",
        "yn": "3.1.1"
      },
      "bin": {
        "ts-node": "dist/bin.js",
        "ts-node-cwd": "dist/bin-cwd.js",
        "ts-node-esm": "dist/bin-esm.js",
        "ts-node-script": "dist/bin-script.js",
        "ts-node-transpile-only": "dist/bin-transpile.js",
        "ts-script": "dist/bin-script-deprecated.js"
      },
      "peerDependencies": {
        "@swc/core": ">=1.2.50",
        "@swc/wasm": ">=1.2.50",
        "@types/node": "*",
        "typescript": ">=2.7"
      },
      "peerDependenciesMeta": {
        "@swc/core": {
          "optional": true
        },
        "@swc/wasm": {
          "optional": true
        }
      }
    },
    "node_modules/type-fest": {
      "version": "3.9.0",
      "resolved": "https://registry.npmjs.org/type-fest/-/type-fest-3.9.0.tgz",
      "integrity": "sha512-hR8JP2e8UiH7SME5JZjsobBlEiatFoxpzCP+R3ZeCo7kAaG1jXQE5X/buLzogM6GJu8le9Y4OcfNuIQX0rZskA==",
      "dev": true,
      "engines": {
        "node": ">=14.16"
      },
      "funding": {
        "url": "https://github.com/sponsors/sindresorhus"
      }
    },
    "node_modules/typescript": {
      "version": "4.9.5",
      "resolved": "https://registry.npmjs.org/typescript/-/typescript-4.9.5.tgz",
      "integrity": "sha512-1FXk9E2Hm+QzZQ7z+McJiHL4NW1F2EzMu9Nq9i3zAaGqibafqYwCVU6WyWAuyQRRzOlxou8xZSyXLEN8oKj24g==",
      "bin": {
        "tsc": "bin/tsc",
        "tsserver": "bin/tsserver"
      },
      "engines": {
        "node": ">=4.2.0"
      }
    },
    "node_modules/use-sync-external-store": {
      "version": "1.2.0",
      "resolved": "https://registry.npmjs.org/use-sync-external-store/-/use-sync-external-store-1.2.0.tgz",
      "integrity": "sha512-eEgnFxGQ1Ife9bzYs6VLi8/4X6CObHMw9Qr9tPY43iKwsPw8xE8+EFsf/2cFZ5S3esXgpWgtSCtLNS41F+sKPA==",
      "peerDependencies": {
        "react": "^16.8.0 || ^17.0.0 || ^18.0.0"
      }
    },
    "node_modules/v8-compile-cache-lib": {
      "version": "3.0.1",
      "resolved": "https://registry.npmjs.org/v8-compile-cache-lib/-/v8-compile-cache-lib-3.0.1.tgz",
      "integrity": "sha512-wa7YjyUGfNZngI/vtK0UHAN+lgDCxBPCylVXGp0zu59Fz5aiGtNXaq3DhIov063MorB+VfufLh3JlF2KdTK3xg==",
      "dev": true
    },
    "node_modules/ws": {
      "version": "8.13.0",
      "resolved": "https://registry.npmjs.org/ws/-/ws-8.13.0.tgz",
      "integrity": "sha512-x9vcZYTrFPC7aSIbj7sRCYo7L/Xb8Iy+pW0ng0wt2vCJv7M9HOMy0UoN3rr+IFC7hb7vXoqS+P9ktyLLLhO+LA==",
      "engines": {
        "node": ">=10.0.0"
      },
      "peerDependencies": {
        "bufferutil": "^4.0.1",
        "utf-8-validate": ">=5.0.2"
      },
      "peerDependenciesMeta": {
        "bufferutil": {
          "optional": true
        },
        "utf-8-validate": {
          "optional": true
        }
      }
    },
    "node_modules/yn": {
      "version": "3.1.1",
      "resolved": "https://registry.npmjs.org/yn/-/yn-3.1.1.tgz",
      "integrity": "sha512-Ux4ygGWsu2c7isFWe8Yu1YluJmqVhxqK2cLXNQA5AcC3QfbGNpM7fu0Y8b/z16pXLnFxZYvWhd3fhBY9DLmC6Q==",
      "dev": true,
      "engines": {
        "node": ">=6"
      }
    }
  },
  "dependencies": {
    "@cspotcode/source-map-support": {
      "version": "0.8.1",
      "resolved": "https://registry.npmjs.org/@cspotcode/source-map-support/-/source-map-support-0.8.1.tgz",
      "integrity": "sha512-IchNf6dN4tHoMFIn/7OE8LWZ19Y6q/67Bmf6vnGREv8RSbBVb9LPJxEcnwrcwX6ixSvaiGoomAUvu4YSxXrVgw==",
      "dev": true,
      "requires": {
        "@jridgewell/trace-mapping": "0.3.9"
      }
    },
    "@gqty/react": {
      "version": "3.0.0-alpha-f9dbf6e8.0",
      "resolved": "https://registry.npmjs.org/@gqty/react/-/react-3.0.0-alpha-f9dbf6e8.0.tgz",
      "integrity": "sha512-bhH82S0yp42vr324fjs5gZS1jB8uzv/UgaScw6lbS9q+VhHQWyQy3/BGsuWWH5hd/ufqHXNGmeIR0/qTekBrvA==",
      "requires": {
        "@react-hookz/web": "^23.0.0",
        "multidict": "^1.0.6",
        "p-debounce": "^4.0.0",
        "p-defer": "^3.0.0",
        "react-ssr-prepass": "^1.5.0",
        "use-sync-external-store": "^1.2.0"
      }
    },
    "@jridgewell/resolve-uri": {
      "version": "3.1.0",
      "resolved": "https://registry.npmjs.org/@jridgewell/resolve-uri/-/resolve-uri-3.1.0.tgz",
      "integrity": "sha512-F2msla3tad+Mfht5cJq7LSXcdudKTWCVYUgw6pLFOOHSTtZlj6SWNYAp+AhuqLmWdBO2X5hPrLcu8cVP8fy28w==",
      "dev": true
    },
    "@jridgewell/sourcemap-codec": {
      "version": "1.4.14",
      "resolved": "https://registry.npmjs.org/@jridgewell/sourcemap-codec/-/sourcemap-codec-1.4.14.tgz",
      "integrity": "sha512-XPSJHWmi394fuUuzDnGz1wiKqWfo1yXecHQMRf2l6hztTO+nPru658AyDngaBe7isIxEkRsPR3FZh+s7iVa4Uw==",
      "dev": true
    },
    "@jridgewell/trace-mapping": {
      "version": "0.3.9",
      "resolved": "https://registry.npmjs.org/@jridgewell/trace-mapping/-/trace-mapping-0.3.9.tgz",
      "integrity": "sha512-3Belt6tdc8bPgAtbcmdtNJlirVoTmEb5e2gC94PnkwEW9jI6CAHUeoG85tjWP5WquqfavoMtMwiG4P926ZKKuQ==",
      "dev": true,
      "requires": {
        "@jridgewell/resolve-uri": "^3.0.3",
        "@jridgewell/sourcemap-codec": "^1.4.10"
      }
    },
    "@react-hookz/deep-equal": {
      "version": "1.0.4",
      "resolved": "https://registry.npmjs.org/@react-hookz/deep-equal/-/deep-equal-1.0.4.tgz",
      "integrity": "sha512-N56fTrAPUDz/R423pag+n6TXWbvlBZDtTehaGFjK0InmN+V2OFWLE/WmORhmn6Ce7dlwH5+tQN1LJFw3ngTJVg=="
    },
    "@react-hookz/web": {
      "version": "23.0.0",
      "resolved": "https://registry.npmjs.org/@react-hookz/web/-/web-23.0.0.tgz",
      "integrity": "sha512-diBtlo17CJtZJ/Yb8veri7hZL7QPnqNZ+IAMHWWSb//nq+Z3XDHaXcozH7cyvMZj4gYwQeY/L/H4298etHxu1Q==",
      "requires": {
        "@react-hookz/deep-equal": "^1.0.4"
      }
    },
    "@tsconfig/node10": {
      "version": "1.0.9",
      "resolved": "https://registry.npmjs.org/@tsconfig/node10/-/node10-1.0.9.tgz",
      "integrity": "sha512-jNsYVVxU8v5g43Erja32laIDHXeoNvFEpX33OK4d6hljo3jDhCBDhx5dhCCTMWUojscpAagGiRkBKxpdl9fxqA==",
      "dev": true
    },
    "@tsconfig/node12": {
      "version": "1.0.11",
      "resolved": "https://registry.npmjs.org/@tsconfig/node12/-/node12-1.0.11.tgz",
      "integrity": "sha512-cqefuRsh12pWyGsIoBKJA9luFu3mRxCA+ORZvA4ktLSzIuCUtWVxGIuXigEwO5/ywWFMZ2QEGKWvkZG1zDMTag==",
      "dev": true
    },
    "@tsconfig/node14": {
      "version": "1.0.3",
      "resolved": "https://registry.npmjs.org/@tsconfig/node14/-/node14-1.0.3.tgz",
      "integrity": "sha512-ysT8mhdixWK6Hw3i1V2AeRqZ5WfXg1G43mqoYlM2nc6388Fq5jcXyr5mRsqViLx/GJYdoL0bfXD8nmF+Zn/Iow==",
      "dev": true
    },
    "@tsconfig/node16": {
      "version": "1.0.3",
      "resolved": "https://registry.npmjs.org/@tsconfig/node16/-/node16-1.0.3.tgz",
      "integrity": "sha512-yOlFc+7UtL/89t2ZhjPvvB/DeAr3r+Dq58IgzsFkOAvVC6NMJXmCGjbptdXdR9qsX7pKcTL+s87FtYREi2dEEQ==",
      "dev": true
    },
    "@types/node": {
      "version": "18.14.5",
      "resolved": "https://registry.npmjs.org/@types/node/-/node-18.14.5.tgz",
      "integrity": "sha512-CRT4tMK/DHYhw1fcCEBwME9CSaZNclxfzVMe7GsO6ULSwsttbj70wSiX6rZdIjGblu93sTJxLdhNIT85KKI7Qw==",
      "dev": true
    },
    "acorn": {
      "version": "8.8.2",
      "resolved": "https://registry.npmjs.org/acorn/-/acorn-8.8.2.tgz",
      "integrity": "sha512-xjIYgE8HBrkpd/sJqOGNspf8uHG+NOHGOw6a/Urj8taM2EXfdNAH2oFcPeIFfsv3+kz/mJrS5VuMqbNLjCa2vw==",
      "dev": true
    },
    "acorn-walk": {
      "version": "8.2.0",
      "resolved": "https://registry.npmjs.org/acorn-walk/-/acorn-walk-8.2.0.tgz",
      "integrity": "sha512-k+iyHEuPgSw6SbuDpGQM+06HQUa04DZ3o+F6CSzXMvvI5KMvnaEqXe+YVe555R9nn6GPt404fos4wcgpw12SDA==",
      "dev": true
    },
    "arg": {
      "version": "4.1.3",
      "resolved": "https://registry.npmjs.org/arg/-/arg-4.1.3.tgz",
      "integrity": "sha512-58S9QDqG0Xx27YwPSt9fJxivjYl432YCwfDMfZ+71RAqUrZef7LrKQZ3LHLOwCS4FLNBplP533Zx895SeOCHvA==",
      "dev": true
    },
    "create-require": {
      "version": "1.1.1",
      "resolved": "https://registry.npmjs.org/create-require/-/create-require-1.1.1.tgz",
      "integrity": "sha512-dcKFX3jn0MpIaXjisoRvexIJVEKzaq7z2rZKxf+MSr9TkdmHmsU4m2lcLojrj/FHl8mk5VxMmYA+ftRkP/3oKQ==",
      "dev": true
    },
    "diff": {
      "version": "4.0.2",
      "resolved": "https://registry.npmjs.org/diff/-/diff-4.0.2.tgz",
      "integrity": "sha512-58lmxKSA4BNyLz+HHMUzlOEpg09FV+ev6ZMe3vJihgdxzgcwZ8VoEEPmALCZG9LmqfVoNMMKpttIYTVG6uDY7A==",
      "dev": true
    },
    "flatted": {
      "version": "3.2.7",
      "resolved": "https://registry.npmjs.org/flatted/-/flatted-3.2.7.tgz",
      "integrity": "sha512-5nqDSxl8nn5BSNxyR3n4I6eDmbolI6WT+QqR547RwxQapgjQBmtktdP+HTBb/a/zLsbzERTONyUB5pefh5TtjQ=="
    },
    "garph": {
      "version": "0.4.1",
      "resolved": "https://registry.npmjs.org/garph/-/garph-0.4.1.tgz",
      "integrity": "sha512-nHxJ2qkuTfEpMO9k9tMs+Igfm41viuslVEbCeJ/qdvINQMgW5B3msjIHdjIGBqTFY0X8uS/Is1i217Qb6kPRgA==",
      "requires": {
        "graphql-compose": "^9.0.10"
      }
    },
    "gqty": {
      "version": "3.0.0-alpha-f9dbf6e8.0",
      "resolved": "https://registry.npmjs.org/gqty/-/gqty-3.0.0-alpha-f9dbf6e8.0.tgz",
      "integrity": "sha512-t9sTsVlew3FIcjxCWjzKz9/wElRpVT+z1vxBaocu0wps5f34Np/3I+VQhg0nekNXtOq61J3m9Jq3RWc/n7lYwA==",
      "requires": {
        "flatted": "^3.2.7",
        "just-extend": "^6.2.0",
        "just-has": "^2.3.0",
        "just-memoize": "^2.2.0",
        "just-safe-get": "^4.2.0",
        "just-safe-set": "^4.2.1",
        "multidict": "^1.0.6",
        "object-hash": "^3.0.0",
        "p-defer": "^3.0.0",
        "p-lazy": "^3.1.0"
      }
    },
    "graphql": {
      "version": "16.6.0",
      "resolved": "https://registry.npmjs.org/graphql/-/graphql-16.6.0.tgz",
      "integrity": "sha512-KPIBPDlW7NxrbT/eh4qPXz5FiFdL5UbaA0XUNz2Rp3Z3hqBSkbj0GVjwFDztsWVauZUWsbKHgMg++sk8UX0bkw==",
      "peer": true
    },
    "graphql-compose": {
      "version": "9.0.10",
      "resolved": "https://registry.npmjs.org/graphql-compose/-/graphql-compose-9.0.10.tgz",
      "integrity": "sha512-UsVoxfi2+c8WbHl2pEB+teoRRZoY4mbWBoijeLDGpAZBSPChnqtSRjp+T9UcouLCwGr5ooNyOQLoI3OVzU1bPQ==",
      "requires": {
        "graphql-type-json": "0.3.2"
      }
    },
    "graphql-sse": {
      "version": "2.1.1",
      "resolved": "https://registry.npmjs.org/graphql-sse/-/graphql-sse-2.1.1.tgz",
      "integrity": "sha512-lOBG4ScQe9Acv0PodlavTmIuB8kwD4LRvUuXrFm9Ahgi460R2QP+6GgBUOlrAglscIF1P+U+tHJNjO27c3gOOw==",
      "requires": {}
    },
    "graphql-type-json": {
      "version": "0.3.2",
      "resolved": "https://registry.npmjs.org/graphql-type-json/-/graphql-type-json-0.3.2.tgz",
      "integrity": "sha512-J+vjof74oMlCWXSvt0DOf2APEdZOCdubEvGDUAlqH//VBYcOYsGgRW7Xzorr44LvkjiuvecWc8fChxuZZbChtg==",
      "requires": {}
    },
    "graphql-ws": {
      "version": "5.12.1",
      "resolved": "https://registry.npmjs.org/graphql-ws/-/graphql-ws-5.12.1.tgz",
      "integrity": "sha512-umt4f5NnMK46ChM2coO36PTFhHouBrK9stWWBczERguwYrGnPNxJ9dimU6IyOBfOkC6Izhkg4H8+F51W/8CYDg==",
      "optional": true,
      "peer": true,
      "requires": {}
    },
    "js-tokens": {
      "version": "4.0.0",
      "resolved": "https://registry.npmjs.org/js-tokens/-/js-tokens-4.0.0.tgz",
      "integrity": "sha512-RdJUflcE3cUzKiMqQgsCu06FPu9UdIJO0beYbPhHN4k6apgJtifcoCtT9bcxOpYBtpD2kCM6Sbzg4CausW/PKQ==",
      "peer": true
    },
    "just-extend": {
      "version": "6.2.0",
      "resolved": "https://registry.npmjs.org/just-extend/-/just-extend-6.2.0.tgz",
      "integrity": "sha512-cYofQu2Xpom82S6qD778jBDpwvvy39s1l/hrYij2u9AMdQcGRpaBu6kY4mVhuno5kJVi1DAz4aiphA2WI1/OAw=="
    },
    "just-has": {
      "version": "2.3.0",
      "resolved": "https://registry.npmjs.org/just-has/-/just-has-2.3.0.tgz",
      "integrity": "sha512-JzxCot/ETqLDullSSC5OtT/PLWiqgRNO5z33gVit6BoCXe/6BHut33o9ZunG5jQSqeY4EyzFnl8Wqc7S8Ci/wQ=="
    },
    "just-memoize": {
      "version": "2.2.0",
      "resolved": "https://registry.npmjs.org/just-memoize/-/just-memoize-2.2.0.tgz",
      "integrity": "sha512-zriv+MY+61RXT0QsrO1ZJtL5umouqqSWmCGBkp2wJm35kniunBAA4qhUKx8Lvg/QcwrF9xuw9E6PkevKFf4boQ=="
    },
    "just-safe-get": {
      "version": "4.2.0",
      "resolved": "https://registry.npmjs.org/just-safe-get/-/just-safe-get-4.2.0.tgz",
      "integrity": "sha512-+tS4Bvgr/FnmYxOGbwziJ8I2BFk+cP1gQHm6rm7zo61w1SbxBwWGEq/Ryy9Gb6bvnloPq6pz7Bmm4a0rjTNlXA=="
    },
    "just-safe-set": {
      "version": "4.2.1",
      "resolved": "https://registry.npmjs.org/just-safe-set/-/just-safe-set-4.2.1.tgz",
      "integrity": "sha512-La5CP41Ycv52+E4g7w1sRV8XXk7Sp8a/TwWQAYQKn6RsQz1FD4Z/rDRRmqV3wJznS1MDF3YxK7BCudX1J8FxLg=="
    },
    "loose-envify": {
      "version": "1.4.0",
      "resolved": "https://registry.npmjs.org/loose-envify/-/loose-envify-1.4.0.tgz",
      "integrity": "sha512-lyuxPGr/Wfhrlem2CL/UcnUc1zcqKAImBDzukY7Y5F/yQiNdko6+fRLevlw1HgMySw7f611UIY408EtxRSoK3Q==",
      "peer": true,
      "requires": {
        "js-tokens": "^3.0.0 || ^4.0.0"
      }
    },
    "make-error": {
      "version": "1.3.6",
      "resolved": "https://registry.npmjs.org/make-error/-/make-error-1.3.6.tgz",
      "integrity": "sha512-s8UhlNe7vPKomQhC1qFelMokr/Sc3AgNbso3n74mVPA5LTZwkB9NlXf4XPamLxJE8h0gh73rM94xvwRT2CVInw==",
      "dev": true
    },
    "multidict": {
      "version": "1.0.6",
      "resolved": "https://registry.npmjs.org/multidict/-/multidict-1.0.6.tgz",
      "integrity": "sha512-URJf4Q7p/rYDSUt4rIo4PyAxSMQaG27YBNE6CFaEJ1HSxr1WeYaXe/b4Kv9dp2842qWjz/LYCWg9SpNXkGZ4Ww=="
    },
    "object-hash": {
      "version": "3.0.0",
      "resolved": "https://registry.npmjs.org/object-hash/-/object-hash-3.0.0.tgz",
      "integrity": "sha512-RSn9F68PjH9HqtltsSnqYC1XXoWe9Bju5+213R98cNGttag9q9yAOTzdbsqvIa7aNm5WffBZFpWYr2aWrklWAw=="
    },
    "p-debounce": {
      "version": "4.0.0",
      "resolved": "https://registry.npmjs.org/p-debounce/-/p-debounce-4.0.0.tgz",
      "integrity": "sha512-4Ispi9I9qYGO4lueiLDhe4q4iK5ERK8reLsuzH6BPaXn53EGaua8H66PXIFGrW897hwjXp+pVLrm/DLxN0RF0A=="
    },
    "p-defer": {
      "version": "3.0.0",
      "resolved": "https://registry.npmjs.org/p-defer/-/p-defer-3.0.0.tgz",
      "integrity": "sha512-ugZxsxmtTln604yeYd29EGrNhazN2lywetzpKhfmQjW/VJmhpDmWbiX+h0zL8V91R0UXkhb3KtPmyq9PZw3aYw=="
    },
    "p-lazy": {
      "version": "3.1.0",
      "resolved": "https://registry.npmjs.org/p-lazy/-/p-lazy-3.1.0.tgz",
      "integrity": "sha512-sCJn0Cdahs6G6SX9+DUihVFUhrzDEduzE5xeViVBGtoqy5dBWko7W8T6Kk6TjR2uevRXJO7CShfWrqdH5s3w3g=="
    },
    "react": {
      "version": "18.2.0",
      "resolved": "https://registry.npmjs.org/react/-/react-18.2.0.tgz",
      "integrity": "sha512-/3IjMdb2L9QbBdWiW5e3P2/npwMBaU9mHCSCUzNln0ZCYbcfTsGbTJrU/kGemdH2IWmB2ioZ+zkxtmq6g09fGQ==",
      "peer": true,
      "requires": {
        "loose-envify": "^1.1.0"
      }
    },
    "react-dom": {
      "version": "18.2.0",
      "resolved": "https://registry.npmjs.org/react-dom/-/react-dom-18.2.0.tgz",
      "integrity": "sha512-6IMTriUmvsjHUjNtEDudZfuDQUoWXVxKHhlEGSk81n4YFS+r/Kl99wXiwlVXtPBtJenozv2P+hxDsw9eA7Xo6g==",
      "peer": true,
      "requires": {
        "loose-envify": "^1.1.0",
        "scheduler": "^0.23.0"
      }
    },
    "react-ssr-prepass": {
      "version": "1.5.0",
      "resolved": "https://registry.npmjs.org/react-ssr-prepass/-/react-ssr-prepass-1.5.0.tgz",
      "integrity": "sha512-yFNHrlVEReVYKsLI5lF05tZoHveA5pGzjFbFJY/3pOqqjGOmMmqx83N4hIjN2n6E1AOa+eQEUxs3CgRnPmT0RQ==",
      "requires": {}
    },
    "scheduler": {
      "version": "0.23.0",
      "resolved": "https://registry.npmjs.org/scheduler/-/scheduler-0.23.0.tgz",
      "integrity": "sha512-CtuThmgHNg7zIZWAXi3AsyIzA3n4xx7aNyjwC2VJldO2LMVDhFK+63xGqq6CsJH4rTAt6/M+N4GhZiDYPx9eUw==",
      "peer": true,
      "requires": {
        "loose-envify": "^1.1.0"
      }
    },
    "ts-node": {
      "version": "10.9.1",
      "resolved": "https://registry.npmjs.org/ts-node/-/ts-node-10.9.1.tgz",
      "integrity": "sha512-NtVysVPkxxrwFGUUxGYhfux8k78pQB3JqYBXlLRZgdGUqTO5wU/UyHop5p70iEbGhB7q5KmiZiU0Y3KlJrScEw==",
      "dev": true,
      "requires": {
        "@cspotcode/source-map-support": "^0.8.0",
        "@tsconfig/node10": "^1.0.7",
        "@tsconfig/node12": "^1.0.7",
        "@tsconfig/node14": "^1.0.0",
        "@tsconfig/node16": "^1.0.2",
        "acorn": "^8.4.1",
        "acorn-walk": "^8.1.1",
        "arg": "^4.1.0",
        "create-require": "^1.1.0",
        "diff": "^4.0.1",
        "make-error": "^1.1.1",
        "v8-compile-cache-lib": "^3.0.1",
        "yn": "3.1.1"
      }
    },
    "type-fest": {
      "version": "3.9.0",
      "resolved": "https://registry.npmjs.org/type-fest/-/type-fest-3.9.0.tgz",
      "integrity": "sha512-hR8JP2e8UiH7SME5JZjsobBlEiatFoxpzCP+R3ZeCo7kAaG1jXQE5X/buLzogM6GJu8le9Y4OcfNuIQX0rZskA==",
      "dev": true
    },
    "typescript": {
      "version": "4.9.5",
      "resolved": "https://registry.npmjs.org/typescript/-/typescript-4.9.5.tgz",
      "integrity": "sha512-1FXk9E2Hm+QzZQ7z+McJiHL4NW1F2EzMu9Nq9i3zAaGqibafqYwCVU6WyWAuyQRRzOlxou8xZSyXLEN8oKj24g=="
    },
    "use-sync-external-store": {
      "version": "1.2.0",
      "resolved": "https://registry.npmjs.org/use-sync-external-store/-/use-sync-external-store-1.2.0.tgz",
      "integrity": "sha512-eEgnFxGQ1Ife9bzYs6VLi8/4X6CObHMw9Qr9tPY43iKwsPw8xE8+EFsf/2cFZ5S3esXgpWgtSCtLNS41F+sKPA==",
      "requires": {}
    },
    "v8-compile-cache-lib": {
      "version": "3.0.1",
      "resolved": "https://registry.npmjs.org/v8-compile-cache-lib/-/v8-compile-cache-lib-3.0.1.tgz",
      "integrity": "sha512-wa7YjyUGfNZngI/vtK0UHAN+lgDCxBPCylVXGp0zu59Fz5aiGtNXaq3DhIov063MorB+VfufLh3JlF2KdTK3xg==",
      "dev": true
    },
    "ws": {
      "version": "8.13.0",
      "resolved": "https://registry.npmjs.org/ws/-/ws-8.13.0.tgz",
      "integrity": "sha512-x9vcZYTrFPC7aSIbj7sRCYo7L/Xb8Iy+pW0ng0wt2vCJv7M9HOMy0UoN3rr+IFC7hb7vXoqS+P9ktyLLLhO+LA==",
      "requires": {}
    },
    "yn": {
      "version": "3.1.1",
      "resolved": "https://registry.npmjs.org/yn/-/yn-3.1.1.tgz",
      "integrity": "sha512-Ux4ygGWsu2c7isFWe8Yu1YluJmqVhxqK2cLXNQA5AcC3QfbGNpM7fu0Y8b/z16pXLnFxZYvWhd3fhBY9DLmC6Q==",
      "dev": true
    }
  }
}
